{
  "nodes": {
    "darwin": {
      "inputs": {
        "nixpkgs": [
          "nixpkgs-unstable"
        ]
      },
      "locked": {
        "lastModified": 1736085891,
        "narHash": "sha256-bTl9fcUo767VaSx4Q5kFhwiDpFQhBKna7lNbGsqCQiA=",
        "owner": "lnl7",
        "repo": "nix-darwin",
        "rev": "ba9b3173b0f642ada42b78fb9dfc37ca82266f6c",
        "type": "github"
      },
      "original": {
        "owner": "lnl7",
        "ref": "master",
        "repo": "nix-darwin",
        "type": "github"
      }
    },
    "home-manager": {
      "inputs": {
        "nixpkgs": [
          "nixpkgs-unstable"
        ]
      },
      "locked": {
        "lastModified": 1736277415,
        "narHash": "sha256-kPDXF6cIPsVqSK08XF5EC6KM7BdMnM9vtJDzsnf+lLU=",
        "owner": "nix-community",
        "repo": "home-manager",
        "rev": "5c4302313d9207f7ec0886d68f8ff4a3c71209a1",
        "type": "github"
      },
      "original": {
        "owner": "nix-community",
        "repo": "home-manager",
        "type": "github"
      }
    },
    "nixpkgs": {
      "locked": {
        "lastModified": 1735954111,
        "narHash": "sha256-yPzRuUXx99iu9QMF9GKxxqqC7kpKdFlQi7PA9N85wxQ=",
        "owner": "nixos",
        "repo": "nixpkgs",
        "rev": "a4c40a8a970c147cea7e98e86b2ff2ffb184aedd",
        "type": "github"
      },
      "original": {
        "owner": "nixos",
        "ref": "nixpkgs-24.11-darwin",
        "repo": "nixpkgs",
        "type": "github"
      }
    },
    "nixpkgs-unstable": {
      "locked": {
        "lastModified": 1736241350,
        "narHash": "sha256-CHd7yhaDigUuJyDeX0SADbTM9FXfiWaeNyY34FL1wQU=",
        "owner": "NixOS",
        "repo": "nixpkgs",
        "rev": "8c9fd3e564728e90829ee7dbac6edc972971cd0f",
        "type": "github"
      },
      "original": {
        "owner": "NixOS",
        "ref": "nixpkgs-unstable",
        "repo": "nixpkgs",
        "type": "github"
      }
    },
    "root": {
      "inputs": {
        "darwin": "darwin",
        "home-manager": "home-manager",
        "nixpkgs": "nixpkgs",
        "nixpkgs-unstable": "nixpkgs-unstable"
      }
    }
  },
  "root": "root",
  "version": 7
}
